
Microsoft Visual Studio Solution File, Format Version 12.00
# Visual Studio Version 17
VisualStudioVersion = 17.11.35312.102
MinimumVisualStudioVersion = 10.0.40219.1
Project("{9A19103F-16F7-4668-BE54-9A1E7A4F7556}") = "P01Array", "P01Array\P01Array.csproj", "{52227A5E-0235-408B-9E31-A4CD5DF2ADDE}"
EndProject
Project("{9A19103F-16F7-4668-BE54-9A1E7A4F7556}") = "P02Lists1", "P02Lists1\P02Lists1.csproj", "{D089DE6A-FF1D-4FC4-A465-1C46E4ADB99D}"
EndProject
Project("{9A19103F-16F7-4668-BE54-9A1E7A4F7556}") = "P03Lists2", "P03Lists2\P03Lists2.csproj", "{8A70BA76-A734-45B3-9A94-7EB9FDA3EF49}"
EndProject
Project("{FAE04EC0-301F-11D3-BF4B-00C04F79EFBC}") = "P04IMDBListesi", "P04IMDBListesi\P04IMDBListesi.csproj", "{C278E5A3-3874-4442-BE64-6EC4FAA7EA93}"
EndProject
Project("{FAE04EC0-301F-11D3-BF4B-00C04F79EFBC}") = "P05TryCatch", "P05TryCatch\P05TryCatch.csproj", "{ABD1B2B3-2837-4F6E-98F5-17E306E21A94}"
EndProject
Project("{FAE04EC0-301F-11D3-BF4B-00C04F79EFBC}") = "P06Hafta5Kapanis", "P06Hafta5Kapanis\P06Hafta5Kapanis.csproj", "{5C0CC58B-605C-4D3C-8D19-91F786C949AE}"
EndProject
Global
	GlobalSection(SolutionConfigurationPlatforms) = preSolution
		Debug|Any CPU = Debug|Any CPU
		Release|Any CPU = Release|Any CPU
	EndGlobalSection
	GlobalSection(ProjectConfigurationPlatforms) = postSolution
		{52227A5E-0235-408B-9E31-A4CD5DF2ADDE}.Debug|Any CPU.ActiveCfg = Debug|Any CPU
		{52227A5E-0235-408B-9E31-A4CD5DF2ADDE}.Debug|Any CPU.Build.0 = Debug|Any CPU
		{52227A5E-0235-408B-9E31-A4CD5DF2ADDE}.Release|Any CPU.ActiveCfg = Release|Any CPU
		{52227A5E-0235-408B-9E31-A4CD5DF2ADDE}.Release|Any CPU.Build.0 = Release|Any CPU
		{D089DE6A-FF1D-4FC4-A465-1C46E4ADB99D}.Debug|Any CPU.ActiveCfg = Debug|Any CPU
		{D089DE6A-FF1D-4FC4-A465-1C46E4ADB99D}.Debug|Any CPU.Build.0 = Debug|Any CPU
		{D089DE6A-FF1D-4FC4-A465-1C46E4ADB99D}.Release|Any CPU.ActiveCfg = Release|Any CPU
		{D089DE6A-FF1D-4FC4-A465-1C46E4ADB99D}.Release|Any CPU.Build.0 = Release|Any CPU
		{8A70BA76-A734-45B3-9A94-7EB9FDA3EF49}.Debug|Any CPU.ActiveCfg = Debug|Any CPU
		{8A70BA76-A734-45B3-9A94-7EB9FDA3EF49}.Debug|Any CPU.Build.0 = Debug|Any CPU
		{8A70BA76-A734-45B3-9A94-7EB9FDA3EF49}.Release|Any CPU.ActiveCfg = Release|Any CPU
		{8A70BA76-A734-45B3-9A94-7EB9FDA3EF49}.Release|Any CPU.Build.0 = Release|Any CPU
		{C278E5A3-3874-4442-BE64-6EC4FAA7EA93}.Debug|Any CPU.ActiveCfg = Debug|Any CPU
		{C278E5A3-3874-4442-BE64-6EC4FAA7EA93}.Debug|Any CPU.Build.0 = Debug|Any CPU
		{C278E5A3-3874-4442-BE64-6EC4FAA7EA93}.Release|Any CPU.ActiveCfg = Release|Any CPU
		{C278E5A3-3874-4442-BE64-6EC4FAA7EA93}.Release|Any CPU.Build.0 = Release|Any CPU
		{ABD1B2B3-2837-4F6E-98F5-17E306E21A94}.Debug|Any CPU.ActiveCfg = Debug|Any CPU
		{ABD1B2B3-2837-4F6E-98F5-17E306E21A94}.Debug|Any CPU.Build.0 = Debug|Any CPU
		{ABD1B2B3-2837-4F6E-98F5-17E306E21A94}.Release|Any CPU.ActiveCfg = Release|Any CPU
		{ABD1B2B3-2837-4F6E-98F5-17E306E21A94}.Release|Any CPU.Build.0 = Release|Any CPU
		{5C0CC58B-605C-4D3C-8D19-91F786C949AE}.Debug|Any CPU.ActiveCfg = Debug|Any CPU
		{5C0CC58B-605C-4D3C-8D19-91F786C949AE}.Debug|Any CPU.Build.0 = Debug|Any CPU
		{5C0CC58B-605C-4D3C-8D19-91F786C949AE}.Release|Any CPU.ActiveCfg = Release|Any CPU
		{5C0CC58B-605C-4D3C-8D19-91F786C949AE}.Release|Any CPU.Build.0 = Release|Any CPU
	EndGlobalSection
	GlobalSection(SolutionProperties) = preSolution
		HideSolutionNode = FALSE
	EndGlobalSection
	GlobalSection(ExtensibilityGlobals) = postSolution
		SolutionGuid = {7E0402E3-1EC2-450E-B816-3184E72C5A17}
	EndGlobalSection
EndGlobal
